// !$*UTF8*$!
{
	archiveVersion = 1;
	classes = {
	};
	objectVersion = 48;
	objects = {

/* Begin PBXBuildFile section */
		00BF2F891FD771270003F51C /* TeamCell.m in Sources */ = {isa = PBXBuildFile; fileRef = 00BF2F881FD771270003F51C /* TeamCell.m */; };
		00BF2F8C1FD771C60003F51C /* TeamVC.m in Sources */ = {isa = PBXBuildFile; fileRef = 00BF2F8B1FD771C60003F51C /* TeamVC.m */; };
		00BF2F8F1FD772120003F51C /* ChampionshipVC.m in Sources */ = {isa = PBXBuildFile; fileRef = 00BF2F8E1FD772120003F51C /* ChampionshipVC.m */; };
		00BF2F921FD772590003F51C /* ResultVC.m in Sources */ = {isa = PBXBuildFile; fileRef = 00BF2F911FD772590003F51C /* ResultVC.m */; };
		00BF2F9E1FD773F50003F51C /* FiveVC.m in Sources */ = {isa = PBXBuildFile; fileRef = 00BF2F9D1FD773F50003F51C /* FiveVC.m */; };
		00BF2FA01FD780AD0003F51C /* Assets.xcassets in Resources */ = {isa = PBXBuildFile; fileRef = 00BF2F9F1FD780AC0003F51C /* Assets.xcassets */; };
		00DCD41E1FC5EC190028AE11 /* AppDelegate.m in Sources */ = {isa = PBXBuildFile; fileRef = 00DCD41D1FC5EC190028AE11 /* AppDelegate.m */; };
		00DCD4211FC5EC190028AE11 /* ViewController.m in Sources */ = {isa = PBXBuildFile; fileRef = 00DCD4201FC5EC190028AE11 /* ViewController.m */; };
		00DCD4241FC5EC190028AE11 /* Main.storyboard in Resources */ = {isa = PBXBuildFile; fileRef = 00DCD4221FC5EC190028AE11 /* Main.storyboard */; };
		00DCD4291FC5EC190028AE11 /* LaunchScreen.storyboard in Resources */ = {isa = PBXBuildFile; fileRef = 00DCD4271FC5EC190028AE11 /* LaunchScreen.storyboard */; };
		00DCD42C1FC5EC190028AE11 /* main.m in Sources */ = {isa = PBXBuildFile; fileRef = 00DCD42B1FC5EC190028AE11 /* main.m */; };
		00DCD4361FC5EC1A0028AE11 /* projectTests.m in Sources */ = {isa = PBXBuildFile; fileRef = 00DCD4351FC5EC1A0028AE11 /* projectTests.m */; };
		00DCD4411FC5EC1A0028AE11 /* projectUITests.m in Sources */ = {isa = PBXBuildFile; fileRef = 00DCD4401FC5EC1A0028AE11 /* projectUITests.m */; };
/* End PBXBuildFile section */

/* Begin PBXContainerItemProxy section */
		00DCD4321FC5EC1A0028AE11 /* PBXContainerItemProxy */ = {
			isa = PBXContainerItemProxy;
			containerPortal = 00DCD4111FC5EC190028AE11 /* Project object */;
			proxyType = 1;
			remoteGlobalIDString = 00DCD4181FC5EC190028AE11;
			remoteInfo = project;
		};
		00DCD43D1FC5EC1A0028AE11 /* PBXContainerItemProxy */ = {
			isa = PBXContainerItemProxy;
			containerPortal = 00DCD4111FC5EC190028AE11 /* Project object */;
			proxyType = 1;
			remoteGlobalIDString = 00DCD4181FC5EC190028AE11;
			remoteInfo = project;
		};
/* End PBXContainerItemProxy section */

/* Begin PBXFileReference section */
		00BF2F871FD771270003F51C /* TeamCell.h */ = {isa = PBXFileReference; lastKnownFileType = sourcecode.c.h; path = TeamCell.h; sourceTree = "<group>"; };
		00BF2F881FD771270003F51C /* TeamCell.m */ = {isa = PBXFileReference; lastKnownFileType = sourcecode.c.objc; path = TeamCell.m; sourceTree = "<group>"; };
		00BF2F8A1FD771C60003F51C /* TeamVC.h */ = {isa = PBXFileReference; lastKnownFileType = sourcecode.c.h; path = TeamVC.h; sourceTree = "<group>"; };
		00BF2F8B1FD771C60003F51C /* TeamVC.m */ = {isa = PBXFileReference; lastKnownFileType = sourcecode.c.objc; path = TeamVC.m; sourceTree = "<group>"; };
		00BF2F8D1FD772120003F51C /* ChampionshipVC.h */ = {isa = PBXFileReference; lastKnownFileType = sourcecode.c.h; path = ChampionshipVC.h; sourceTree = "<group>"; };
		00BF2F8E1FD772120003F51C /* ChampionshipVC.m */ = {isa = PBXFileReference; lastKnownFileType = sourcecode.c.objc; path = ChampionshipVC.m; sourceTree = "<group>"; };
		00BF2F901FD772590003F51C /* ResultVC.h */ = {isa = PBXFileReference; lastKnownFileType = sourcecode.c.h; path = ResultVC.h; sourceTree = "<group>"; };
		00BF2F911FD772590003F51C /* ResultVC.m */ = {isa = PBXFileReference; lastKnownFileType = sourcecode.c.objc; path = ResultVC.m; sourceTree = "<group>"; };
		00BF2F9C1FD773F50003F51C /* FiveVC.h */ = {isa = PBXFileReference; lastKnownFileType = sourcecode.c.h; path = FiveVC.h; sourceTree = "<group>"; };
		00BF2F9D1FD773F50003F51C /* FiveVC.m */ = {isa = PBXFileReference; lastKnownFileType = sourcecode.c.objc; path = FiveVC.m; sourceTree = "<group>"; };
		00BF2F9F1FD780AC0003F51C /* Assets.xcassets */ = {isa = PBXFileReference; lastKnownFileType = folder.assetcatalog; path = Assets.xcassets; sourceTree = "<group>"; };
		00DCD4191FC5EC190028AE11 /* project.app */ = {isa = PBXFileReference; explicitFileType = wrapper.application; includeInIndex = 0; path = project.app; sourceTree = BUILT_PRODUCTS_DIR; };
		00DCD41C1FC5EC190028AE11 /* AppDelegate.h */ = {isa = PBXFileReference; lastKnownFileType = sourcecode.c.h; path = AppDelegate.h; sourceTree = "<group>"; };
		00DCD41D1FC5EC190028AE11 /* AppDelegate.m */ = {isa = PBXFileReference; lastKnownFileType = sourcecode.c.objc; path = AppDelegate.m; sourceTree = "<group>"; };
		00DCD41F1FC5EC190028AE11 /* ViewController.h */ = {isa = PBXFileReference; lastKnownFileType = sourcecode.c.h; path = ViewController.h; sourceTree = "<group>"; };
		00DCD4201FC5EC190028AE11 /* ViewController.m */ = {isa = PBXFileReference; lastKnownFileType = sourcecode.c.objc; path = ViewController.m; sourceTree = "<group>"; };
		00DCD4231FC5EC190028AE11 /* Base */ = {isa = PBXFileReference; lastKnownFileType = file.storyboard; name = Base; path = Base.lproj/Main.storyboard; sourceTree = "<group>"; };
		00DCD4281FC5EC190028AE11 /* Base */ = {isa = PBXFileReference; lastKnownFileType = file.storyboard; name = Base; path = Base.lproj/LaunchScreen.storyboard; sourceTree = "<group>"; };
		00DCD42A1FC5EC190028AE11 /* Info.plist */ = {isa = PBXFileReference; lastKnownFileType = text.plist.xml; path = Info.plist; sourceTree = "<group>"; };
		00DCD42B1FC5EC190028AE11 /* main.m */ = {isa = PBXFileReference; lastKnownFileType = sourcecode.c.objc; path = main.m; sourceTree = "<group>"; };
		00DCD4311FC5EC1A0028AE11 /* projectTests.xctest */ = {isa = PBXFileReference; explicitFileType = wrapper.cfbundle; includeInIndex = 0; path = projectTests.xctest; sourceTree = BUILT_PRODUCTS_DIR; };
		00DCD4351FC5EC1A0028AE11 /* projectTests.m */ = {isa = PBXFileReference; lastKnownFileType = sourcecode.c.objc; path = projectTests.m; sourceTree = "<group>"; };
		00DCD4371FC5EC1A0028AE11 /* Info.plist */ = {isa = PBXFileReference; lastKnownFileType = text.plist.xml; path = Info.plist; sourceTree = "<group>"; };
		00DCD43C1FC5EC1A0028AE11 /* projectUITests.xctest */ = {isa = PBXFileReference; explicitFileType = wrapper.cfbundle; includeInIndex = 0; path = projectUITests.xctest; sourceTree = BUILT_PRODUCTS_DIR; };
		00DCD4401FC5EC1A0028AE11 /* projectUITests.m */ = {isa = PBXFileReference; lastKnownFileType = sourcecode.c.objc; path = projectUITests.m; sourceTree = "<group>"; };
		00DCD4421FC5EC1A0028AE11 /* Info.plist */ = {isa = PBXFileReference; lastKnownFileType = text.plist.xml; path = Info.plist; sourceTree = "<group>"; };
/* End PBXFileReference section */

/* Begin PBXFrameworksBuildPhase section */
		00DCD4161FC5EC190028AE11 /* Frameworks */ = {
			isa = PBXFrameworksBuildPhase;
			buildActionMask = 2147483647;
			files = (
			);
			runOnlyForDeploymentPostprocessing = 0;
		};
		00DCD42E1FC5EC1A0028AE11 /* Frameworks */ = {
			isa = PBXFrameworksBuildPhase;
			buildActionMask = 2147483647;
			files = (
			);
			runOnlyForDeploymentPostprocessing = 0;
		};
		00DCD4391FC5EC1A0028AE11 /* Frameworks */ = {
			isa = PBXFrameworksBuildPhase;
			buildActionMask = 2147483647;
			files = (
			);
			runOnlyForDeploymentPostprocessing = 0;
		};
/* End PBXFrameworksBuildPhase section */

/* Begin PBXGroup section */
		00DCD4101FC5EC190028AE11 = {
			isa = PBXGroup;
			children = (
				00DCD41B1FC5EC190028AE11 /* project */,
				00DCD4341FC5EC1A0028AE11 /* projectTests */,
				00DCD43F1FC5EC1A0028AE11 /* projectUITests */,
				00DCD41A1FC5EC190028AE11 /* Products */,
			);
			sourceTree = "<group>";
		};
		00DCD41A1FC5EC190028AE11 /* Products */ = {
			isa = PBXGroup;
			children = (
				00DCD4191FC5EC190028AE11 /* project.app */,
				00DCD4311FC5EC1A0028AE11 /* projectTests.xctest */,
				00DCD43C1FC5EC1A0028AE11 /* projectUITests.xctest */,
			);
			name = Products;
			sourceTree = "<group>";
		};
		00DCD41B1FC5EC190028AE11 /* project */ = {
			isa = PBXGroup;
			children = (
				00BF2F9F1FD780AC0003F51C /* Assets.xcassets */,
				00DCD41C1FC5EC190028AE11 /* AppDelegate.h */,
				00DCD41D1FC5EC190028AE11 /* AppDelegate.m */,
				00DCD41F1FC5EC190028AE11 /* ViewController.h */,
				00DCD4201FC5EC190028AE11 /* ViewController.m */,
				00DCD4221FC5EC190028AE11 /* Main.storyboard */,
				00BF2F871FD771270003F51C /* TeamCell.h */,
				00BF2F881FD771270003F51C /* TeamCell.m */,
				00BF2F8A1FD771C60003F51C /* TeamVC.h */,
				00BF2F8B1FD771C60003F51C /* TeamVC.m */,
				00BF2F8D1FD772120003F51C /* ChampionshipVC.h */,
				00BF2F8E1FD772120003F51C /* ChampionshipVC.m */,
				00BF2F901FD772590003F51C /* ResultVC.h */,
				00BF2F911FD772590003F51C /* ResultVC.m */,
				00BF2F9C1FD773F50003F51C /* FiveVC.h */,
				00BF2F9D1FD773F50003F51C /* FiveVC.m */,
				00DCD4271FC5EC190028AE11 /* LaunchScreen.storyboard */,
				00DCD42A1FC5EC190028AE11 /* Info.plist */,
				00DCD42B1FC5EC190028AE11 /* main.m */,
			);
			path = project;
			sourceTree = "<group>";
		};
		00DCD4341FC5EC1A0028AE11 /* projectTests */ = {
			isa = PBXGroup;
			children = (
				00DCD4351FC5EC1A0028AE11 /* projectTests.m */,
				00DCD4371FC5EC1A0028AE11 /* Info.plist */,
			);
			path = projectTests;
			sourceTree = "<group>";
		};
		00DCD43F1FC5EC1A0028AE11 /* projectUITests */ = {
			isa = PBXGroup;
			children = (
				00DCD4401FC5EC1A0028AE11 /* projectUITests.m */,
				00DCD4421FC5EC1A0028AE11 /* Info.plist */,
			);
			path = projectUITests;
			sourceTree = "<group>";
		};
/* End PBXGroup section */

/* Begin PBXNativeTarget section */
		00DCD4181FC5EC190028AE11 /* project */ = {
			isa = PBXNativeTarget;
			buildConfigurationList = 00DCD4451FC5EC1A0028AE11 /* Build configuration list for PBXNativeTarget "project" */;
			buildPhases = (
				00DCD4151FC5EC190028AE11 /* Sources */,
				00DCD4161FC5EC190028AE11 /* Frameworks */,
				00DCD4171FC5EC190028AE11 /* Resources */,
			);
			buildRules = (
			);
			dependencies = (
			);
			name = project;
			productName = project;
			productReference = 00DCD4191FC5EC190028AE11 /* project.app */;
			productType = "com.apple.product-type.application";
		};
		00DCD4301FC5EC1A0028AE11 /* projectTests */ = {
			isa = PBXNativeTarget;
			buildConfigurationList = 00DCD4481FC5EC1A0028AE11 /* Build configuration list for PBXNativeTarget "projectTests" */;
			buildPhases = (
				00DCD42D1FC5EC1A0028AE11 /* Sources */,
				00DCD42E1FC5EC1A0028AE11 /* Frameworks */,
				00DCD42F1FC5EC1A0028AE11 /* Resources */,
			);
			buildRules = (
			);
			dependencies = (
				00DCD4331FC5EC1A0028AE11 /* PBXTargetDependency */,
			);
			name = projectTests;
			productName = projectTests;
			productReference = 00DCD4311FC5EC1A0028AE11 /* projectTests.xctest */;
			productType = "com.apple.product-type.bundle.unit-test";
		};
		00DCD43B1FC5EC1A0028AE11 /* projectUITests */ = {
			isa = PBXNativeTarget;
			buildConfigurationList = 00DCD44B1FC5EC1A0028AE11 /* Build configuration list for PBXNativeTarget "projectUITests" */;
			buildPhases = (
				00DCD4381FC5EC1A0028AE11 /* Sources */,
				00DCD4391FC5EC1A0028AE11 /* Frameworks */,
				00DCD43A1FC5EC1A0028AE11 /* Resources */,
			);
			buildRules = (
			);
			dependencies = (
				00DCD43E1FC5EC1A0028AE11 /* PBXTargetDependency */,
			);
			name = projectUITests;
			productName = projectUITests;
			productReference = 00DCD43C1FC5EC1A0028AE11 /* projectUITests.xctest */;
			productType = "com.apple.product-type.bundle.ui-testing";
		};
/* End PBXNativeTarget section */

/* Begin PBXProject section */
		00DCD4111FC5EC190028AE11 /* Project object */ = {
			isa = PBXProject;
			attributes = {
				LastUpgradeCheck = 0900;
				ORGANIZATIONNAME = "University of Leeds";
				TargetAttributes = {
					00DCD4181FC5EC190028AE11 = {
						CreatedOnToolsVersion = 9.0;
						ProvisioningStyle = Automatic;
					};
					00DCD4301FC5EC1A0028AE11 = {
						CreatedOnToolsVersion = 9.0;
						ProvisioningStyle = Automatic;
						TestTargetID = 00DCD4181FC5EC190028AE11;
					};
					00DCD43B1FC5EC1A0028AE11 = {
						CreatedOnToolsVersion = 9.0;
						ProvisioningStyle = Automatic;
						TestTargetID = 00DCD4181FC5EC190028AE11;
					};
				};
			};
			buildConfigurationList = 00DCD4141FC5EC190028AE11 /* Build configuration list for PBXProject "project" */;
			compatibilityVersion = "Xcode 8.0";
			developmentRegion = en;
			hasScannedForEncodings = 0;
			knownRegions = (
				en,
				Base,
			);
			mainGroup = 00DCD4101FC5EC190028AE11;
			productRefGroup = 00DCD41A1FC5EC190028AE11 /* Products */;
			projectDirPath = "";
			projectRoot = "";
			targets = (
				00DCD4181FC5EC190028AE11 /* project */,
				00DCD4301FC5EC1A0028AE11 /* projectTests */,
				00DCD43B1FC5EC1A0028AE11 /* projectUITests */,
			);
		};
/* End PBXProject section */

/* Begin PBXResourcesBuildPhase section */
		00DCD4171FC5EC190028AE11 /* Resources */ = {
			isa = PBXResourcesBuildPhase;
			buildActionMask = 2147483647;
			files = (
				00DCD4291FC5EC190028AE11 /* LaunchScreen.storyboard in Resources */,
				00BF2FA01FD780AD0003F51C /* Assets.xcassets in Resources */,
				00DCD4241FC5EC190028AE11 /* Main.storyboard in Resources */,
			);
			runOnlyForDeploymentPostprocessing = 0;
		};
		00DCD42F1FC5EC1A0028AE11 /* Resources */ = {
			isa = PBXResourcesBuildPhase;
			buildActionMask = 2147483647;
			files = (
			);
			runOnlyForDeploymentPostprocessing = 0;
		};
		00DCD43A1FC5EC1A0028AE11 /* Resources */ = {
			isa = PBXResourcesBuildPhase;
			buildActionMask = 2147483647;
			files = (
			);
			runOnlyForDeploymentPostprocessing = 0;
		};
/* End PBXResourcesBuildPhase section */

/* Begin PBXSourcesBuildPhase section */
		00DCD4151FC5EC190028AE11 /* Sources */ = {
			isa = PBXSourcesBuildPhase;
			buildActionMask = 2147483647;
			files = (
				00DCD4211FC5EC190028AE11 /* ViewController.m in Sources */,
				00DCD42C1FC5EC190028AE11 /* main.m in Sources */,
				00BF2F891FD771270003F51C /* TeamCell.m in Sources */,
				00BF2F8F1FD772120003F51C /* ChampionshipVC.m in Sources */,
				00BF2F8C1FD771C60003F51C /* TeamVC.m in Sources */,
				00DCD41E1FC5EC190028AE11 /* AppDelegate.m in Sources */,
				00BF2F9E1FD773F50003F51C /* FiveVC.m in Sources */,
				00BF2F921FD772590003F51C /* ResultVC.m in Sources */,
			);
			runOnlyForDeploymentPostprocessing = 0;
		};
		00DCD42D1FC5EC1A0028AE11 /* Sources */ = {
			isa = PBXSourcesBuildPhase;
			buildActionMask = 2147483647;
			files = (
				00DCD4361FC5EC1A0028AE11 /* projectTests.m in Sources */,
			);
			runOnlyForDeploymentPostprocessing = 0;
		};
		00DCD4381FC5EC1A0028AE11 /* Sources */ = {
			isa = PBXSourcesBuildPhase;
			buildActionMask = 2147483647;
			files = (
				00DCD4411FC5EC1A0028AE11 /* projectUITests.m in Sources */,
			);
			runOnlyForDeploymentPostprocessing = 0;
		};
/* End PBXSourcesBuildPhase section */

/* Begin PBXTargetDependency section */
		00DCD4331FC5EC1A0028AE11 /* PBXTargetDependency */ = {
			isa = PBXTargetDependency;
			target = 00DCD4181FC5EC190028AE11 /* project */;
			targetProxy = 00DCD4321FC5EC1A0028AE11 /* PBXContainerItemProxy */;
		};
		00DCD43E1FC5EC1A0028AE11 /* PBXTargetDependency */ = {
			isa = PBXTargetDependency;
			target = 00DCD4181FC5EC190028AE11 /* project */;
			targetProxy = 00DCD43D1FC5EC1A0028AE11 /* PBXContainerItemProxy */;
		};
/* End PBXTargetDependency section */

/* Begin PBXVariantGroup section */
		00DCD4221FC5EC190028AE11 /* Main.storyboard */ = {
			isa = PBXVariantGroup;
			children = (
				00DCD4231FC5EC190028AE11 /* Base */,
			);
			name = Main.storyboard;
			sourceTree = "<group>";
		};
		00DCD4271FC5EC190028AE11 /* LaunchScreen.storyboard */ = {
			isa = PBXVariantGroup;
			children = (
				00DCD4281FC5EC190028AE11 /* Base */,
			);
			name = LaunchScreen.storyboard;
			sourceTree = "<group>";
		};
/* End PBXVariantGroup section */

/* Begin XCBuildConfiguration section */
		00DCD4431FC5EC1A0028AE11 /* Debug */ = {
			isa = XCBuildConfiguration;
			buildSettings = {
				ALWAYS_SEARCH_USER_PATHS = NO;
				CLANG_ANALYZER_NONNULL = YES;
				CLANG_ANALYZER_NUMBER_OBJECT_CONVERSION = YES_AGGRESSIVE;
				CLANG_CXX_LANGUAGE_STANDARD = "gnu++14";
				CLANG_CXX_LIBRARY = "libc++";
				CLANG_ENABLE_MODULES = YES;
				CLANG_ENABLE_OBJC_ARC = YES;
				CLANG_WARN_BLOCK_CAPTURE_AUTORELEASING = YES;
				CLANG_WARN_BOOL_CONVERSION = YES;
				CLANG_WARN_COMMA = YES;
				CLANG_WARN_CONSTANT_CONVERSION = YES;
				CLANG_WARN_DIRECT_OBJC_ISA_USAGE = YES_ERROR;
				CLANG_WARN_DOCUMENTATION_COMMENTS = YES;
				CLANG_WARN_EMPTY_BODY = YES;
				CLANG_WARN_ENUM_CONVERSION = YES;
				CLANG_WARN_INFINITE_RECURSION = YES;
				CLANG_WARN_INT_CONVERSION = YES;
				CLANG_WARN_NON_LITERAL_NULL_CONVERSION = YES;
				CLANG_WARN_OBJC_LITERAL_CONVERSION = YES;
				CLANG_WARN_OBJC_ROOT_CLASS = YES_ERROR;
				CLANG_WARN_RANGE_LOOP_ANALYSIS = YES;
				CLANG_WARN_STRICT_PROTOTYPES = YES;
				CLANG_WARN_SUSPICIOUS_MOVE = YES;
				CLANG_WARN_UNGUARDED_AVAILABILITY = YES_AGGRESSIVE;
				CLANG_WARN_UNREACHABLE_CODE = YES;
				CLANG_WARN__DUPLICATE_METHOD_MATCH = YES;
				CODE_SIGN_IDENTITY = "iPhone Developer";
				COPY_PHASE_STRIP = NO;
				DEBUG_INFORMATION_FORMAT = dwarf;
				ENABLE_STRICT_OBJC_MSGSEND = YES;
				ENABLE_TESTABILITY = YES;
				GCC_C_LANGUAGE_STANDARD = gnu11;
				GCC_DYNAMIC_NO_PIC = NO;
				GCC_NO_COMMON_BLOCKS = YES;
				GCC_OPTIMIZATION_LEVEL = 0;
				GCC_PREPROCESSOR_DEFINITIONS = (
					"DEBUG=1",
					"$(inherited)",
				);
				GCC_WARN_64_TO_32_BIT_CONVERSION = YES;
				GCC_WARN_ABOUT_RETURN_TYPE = YES_ERROR;
				GCC_WARN_UNDECLARED_SELECTOR = YES;
				GCC_WARN_UNINITIALIZED_AUTOS = YES_AGGRESSIVE;
				GCC_WARN_UNUSED_FUNCTION = YES;
				GCC_WARN_UNUSED_VARIABLE = YES;
				IPHONEOS_DEPLOYMENT_TARGET = 11.0;
				MTL_ENABLE_DEBUG_INFO = YES;
				ONLY_ACTIVE_ARCH = YES;
				SDKROOT = iphoneos;
			};
			name = Debug;
		};
		00DCD4441FC5EC1A0028AE11 /* Release */ = {
			isa = XCBuildConfiguration;
			buildSettings = {
				ALWAYS_SEARCH_USER_PATHS = NO;
				CLANG_ANALYZER_NONNULL = YES;
				CLANG_ANALYZER_NUMBER_OBJECT_CONVERSION = YES_AGGRESSIVE;
				CLANG_CXX_LANGUAGE_STANDARD = "gnu++14";
				CLANG_CXX_LIBRARY = "libc++";
				CLANG_ENABLE_MODULES = YES;
				CLANG_ENABLE_OBJC_ARC = YES;
				CLANG_WARN_BLOCK_CAPTURE_AUTORELEASING = YES;
				CLANG_WARN_BOOL_CONVERSION = YES;
				CLANG_WARN_COMMA = YES;
				CLANG_WARN_CONSTANT_CONVERSION = YES;
				CLANG_WARN_DIRECT_OBJC_ISA_USAGE = YES_ERROR;
				CLANG_WARN_DOCUMENTATION_COMMENTS = YES;
				CLANG_WARN_EMPTY_BODY = YES;
				CLANG_WARN_ENUM_CONVERSION = YES;
				CLANG_WARN_INFINITE_RECURSION = YES;
				CLANG_WARN_INT_CONVERSION = YES;
				CLANG_WARN_NON_LITERAL_NULL_CONVERSION = YES;
				CLANG_WARN_OBJC_LITERAL_CONVERSION = YES;
				CLANG_WARN_OBJC_ROOT_CLASS = YES_ERROR;
				CLANG_WARN_RANGE_LOOP_ANALYSIS = YES;
				CLANG_WARN_STRICT_PROTOTYPES = YES;
				CLANG_WARN_SUSPICIOUS_MOVE = YES;
				CLANG_WARN_UNGUARDED_AVAILABILITY = YES_AGGRESSIVE;
				CLANG_WARN_UNREACHABLE_CODE = YES;
				CLANG_WARN__DUPLICATE_METHOD_MATCH = YES;
				CODE_SIGN_IDENTITY = "iPhone Developer";
				COPY_PHASE_STRIP = NO;
				DEBUG_INFORMATION_FORMAT = "dwarf-with-dsym";
				ENABLE_NS_ASSERTIONS = NO;
				ENABLE_STRICT_OBJC_MSGSEND = YES;
				GCC_C_LANGUAGE_STANDARD = gnu11;
				GCC_NO_COMMON_BLOCKS = YES;
				GCC_WARN_64_TO_32_BIT_CONVERSION = YES;
				GCC_WARN_ABOUT_RETURN_TYPE = YES_ERROR;
				GCC_WARN_UNDECLARED_SELECTOR = YES;
				GCC_WARN_UNINITIALIZED_AUTOS = YES_AGGRESSIVE;
				GCC_WARN_UNUSED_FUNCTION = YES;
				GCC_WARN_UNUSED_VARIABLE = YES;
				IPHONEOS_DEPLOYMENT_TARGET = 11.0;
				MTL_ENABLE_DEBUG_INFO = NO;
				SDKROOT = iphoneos;
				VALIDATE_PRODUCT = YES;
			};
			name = Release;
		};
		00DCD4461FC5EC1A0028AE11 /* Debug */ = {
			isa = XCBuildConfiguration;
			buildSettings = {
				ASSETCATALOG_COMPILER_APPICON_NAME = AppIcon;
				CODE_SIGN_STYLE = Automatic;
				INFOPLIST_FILE = project/Info.plist;
				LD_RUNPATH_SEARCH_PATHS = "$(inherited) @executable_path/Frameworks";
				PRODUCT_BUNDLE_IDENTIFIER = uk.ac.leeds.project;
				PRODUCT_NAME = "$(TARGET_NAME)";
				TARGETED_DEVICE_FAMILY = "1,2";
			};
			name = Debug;
		};
		00DCD4471FC5EC1A0028AE11 /* Release */ = {
			isa = XCBuildConfiguration;
			buildSettings = {
				ASSETCATALOG_COMPILER_APPICON_NAME = AppIcon;
				CODE_SIGN_STYLE = Automatic;
				INFOPLIST_FILE = project/Info.plist;
				LD_RUNPATH_SEARCH_PATHS = "$(inherited) @executable_path/Frameworks";
				PRODUCT_BUNDLE_IDENTIFIER = uk.ac.leeds.project;
				PRODUCT_NAME = "$(TARGET_NAME)";
				TARGETED_DEVICE_FAMILY = "1,2";
			};
			name = Release;
		};
		00DCD4491FC5EC1A0028AE11 /* Debug */ = {
			isa = XCBuildConfiguration;
			buildSettings = {
				BUNDLE_LOADER = "$(TEST_HOST)";
				CODE_SIGN_STYLE = Automatic;
				INFOPLIST_FILE = projectTests/Info.plist;
				LD_RUNPATH_SEARCH_PATHS = "$(inherited) @executable_path/Frameworks @loader_path/Frameworks";
				PRODUCT_BUNDLE_IDENTIFIER = uk.ac.leeds.projectTests;
				PRODUCT_NAME = "$(TARGET_NAME)";
				TARGETED_DEVICE_FAMILY = "1,2";
				TEST_HOST = "$(BUILT_PRODUCTS_DIR)/project.app/project";
			};
			name = Debug;
		};
		00DCD44A1FC5EC1A0028AE11 /* Release */ = {
			isa = XCBuildConfiguration;
			buildSettings = {
				BUNDLE_LOADER = "$(TEST_HOST)";
				CODE_SIGN_STYLE = Automatic;
				INFOPLIST_FILE = projectTests/Info.plist;
				LD_RUNPATH_SEARCH_PATHS = "$(inherited) @executable_path/Frameworks @loader_path/Frameworks";
				PRODUCT_BUNDLE_IDENTIFIER = uk.ac.leeds.projectTests;
				PRODUCT_NAME = "$(TARGET_NAME)";
				TARGETED_DEVICE_FAMILY = "1,2";
				TEST_HOST = "$(BUILT_PRODUCTS_DIR)/project.app/project";
			};
			name = Release;
		};
		00DCD44C1FC5EC1A0028AE11 /* Debug */ = {
			isa = XCBuildConfiguration;
			buildSettings = {
				CODE_SIGN_STYLE = Automatic;
				INFOPLIST_FILE = projectUITests/Info.plist;
				LD_RUNPATH_SEARCH_PATHS = "$(inherited) @executable_path/Frameworks @loader_path/Frameworks";
				PRODUCT_BUNDLE_IDENTIFIER = uk.ac.leeds.projectUITests;
				PRODUCT_NAME = "$(TARGET_NAME)";
				TARGETED_DEVICE_FAMILY = "1,2";
				TEST_TARGET_NAME = project;
			};
			name = Debug;
		};
		00DCD44D1FC5EC1A0028AE11 /* Release */ = {
			isa = XCBuildConfiguration;
			buildSettings = {
				CODE_SIGN_STYLE = Automatic;
				INFOPLIST_FILE = projectUITests/Info.plist;
				LD_RUNPATH_SEARCH_PATHS = "$(inherited) @executable_path/Frameworks @loader_path/Frameworks";
				PRODUCT_BUNDLE_IDENTIFIER = uk.ac.leeds.projectUITests;
				PRODUCT_NAME = "$(TARGET_NAME)";
				TARGETED_DEVICE_FAMILY = "1,2";
				TEST_TARGET_NAME = project;
			};
			name = Release;
		};
/* End XCBuildConfiguration section */

/* Begin XCConfigurationList section */
		00DCD4141FC5EC190028AE11 /* Build configuration list for PBXProject "project" */ = {
			isa = XCConfigurationList;
			buildConfigurations = (
				00DCD4431FC5EC1A0028AE11 /* Debug */,
				00DCD4441FC5EC1A0028AE11 /* Release */,
			);
			defaultConfigurationIsVisible = 0;
			defaultConfigurationName = Release;
		};
		00DCD4451FC5EC1A0028AE11 /* Build configuration list for PBXNativeTarget "project" */ = {
			isa = XCConfigurationList;
			buildConfigurations = (
				00DCD4461FC5EC1A0028AE11 /* Debug */,
				00DCD4471FC5EC1A0028AE11 /* Release */,
			);
			defaultConfigurationIsVisible = 0;
			defaultConfigurationName = Release;
		};
		00DCD4481FC5EC1A0028AE11 /* Build configuration list for PBXNativeTarget "projectTests" */ = {
			isa = XCConfigurationList;
			buildConfigurations = (
				00DCD4491FC5EC1A0028AE11 /* Debug */,
				00DCD44A1FC5EC1A0028AE11 /* Release */,
			);
			defaultConfigurationIsVisible = 0;
			defaultConfigurationName = Release;
		};
		00DCD44B1FC5EC1A0028AE11 /* Build configuration list for PBXNativeTarget "projectUITests" */ = {
			isa = XCConfigurationList;
			buildConfigurations = (
				00DCD44C1FC5EC1A0028AE11 /* Debug */,
				00DCD44D1FC5EC1A0028AE11 /* Release */,
			);
			defaultConfigurationIsVisible = 0;
			defaultConfigurationName = Release;
		};
/* End XCConfigurationList section */
	};
	rootObject = 00DCD4111FC5EC190028AE11 /* Project object */;
}
